// !$*UTF8*$!
{
	archiveVersion = 1;
	classes = {
	};
	objectVersion = 46;
	objects = {

/* Begin PBXBuildFile section */
		5013B8611A8BFE5600185E31 /* boost.framework in Frameworks */ = {isa = PBXBuildFile; fileRef = 5013B8601A8BFE5600185E31 /* boost.framework */; };
		501F55441A8BFBCF0049A3AE /* main.cpp in Sources */ = {isa = PBXBuildFile; fileRef = 501F55431A8BFBCF0049A3AE /* main.cpp */; };
/* End PBXBuildFile section */

/* Begin PBXCopyFilesBuildPhase section */
		501F553E1A8BFBCF0049A3AE /* CopyFiles */ = {
			isa = PBXCopyFilesBuildPhase;
			buildActionMask = 2147483647;
			dstPath = /usr/share/man/man1/;
			dstSubfolderSpec = 0;
			files = (
			);
			runOnlyForDeploymentPostprocessing = 1;
		};
/* End PBXCopyFilesBuildPhase section */

/* Begin PBXFileReference section */
		5013B8601A8BFE5600185E31 /* boost.framework */ = {isa = PBXFileReference; lastKnownFileType = wrapper.framework; name = boost.framework; path = ../../../../../../../BoostXCode/osx/framework/boost.framework; sourceTree = "<group>"; };
		501F55401A8BFBCF0049A3AE /* TOPTW */ = {isa = PBXFileReference; explicitFileType = "compiled.mach-o.executable"; includeInIndex = 0; path = TOPTW; sourceTree = BUILT_PRODUCTS_DIR; };
		501F55431A8BFBCF0049A3AE /* main.cpp */ = {isa = PBXFileReference; lastKnownFileType = sourcecode.cpp.cpp; path = main.cpp; sourceTree = "<group>"; };
/* End PBXFileReference section */

/* Begin PBXFrameworksBuildPhase section */
		501F553D1A8BFBCF0049A3AE /* Frameworks */ = {
			isa = PBXFrameworksBuildPhase;
			buildActionMask = 2147483647;
			files = (
				5013B8611A8BFE5600185E31 /* boost.framework in Frameworks */,
			);
			runOnlyForDeploymentPostprocessing = 0;
		};
/* End PBXFrameworksBuildPhase section */

/* Begin PBXGroup section */
		501F55371A8BFBCF0049A3AE = {
			isa = PBXGroup;
			children = (
				5013B8601A8BFE5600185E31 /* boost.framework */,
				501F55421A8BFBCF0049A3AE /* TOPTW */,
				501F55411A8BFBCF0049A3AE /* Products */,
			);
			sourceTree = "<group>";
		};
		501F55411A8BFBCF0049A3AE /* Products */ = {
			isa = PBXGroup;
			children = (
				501F55401A8BFBCF0049A3AE /* TOPTW */,
			);
			name = Products;
			sourceTree = "<group>";
		};
		501F55421A8BFBCF0049A3AE /* TOPTW */ = {
			isa = PBXGroup;
			children = (
				501F55431A8BFBCF0049A3AE /* main.cpp */,
			);
			path = TOPTW;
			sourceTree = "<group>";
		};
/* End PBXGroup section */

/* Begin PBXNativeTarget section */
		501F553F1A8BFBCF0049A3AE /* TOPTW */ = {
			isa = PBXNativeTarget;
			buildConfigurationList = 501F55471A8BFBCF0049A3AE /* Build configuration list for PBXNativeTarget "TOPTW" */;
			buildPhases = (
				501F553C1A8BFBCF0049A3AE /* Sources */,
				501F553D1A8BFBCF0049A3AE /* Frameworks */,
				501F553E1A8BFBCF0049A3AE /* CopyFiles */,
			);
			buildRules = (
			);
			dependencies = (
			);
			name = TOPTW;
			productName = TOPTW;
			productReference = 501F55401A8BFBCF0049A3AE /* TOPTW */;
			productType = "com.apple.product-type.tool";
		};
/* End PBXNativeTarget section */

/* Begin PBXProject section */
		501F55381A8BFBCF0049A3AE /* Project object */ = {
			isa = PBXProject;
			attributes = {
				LastUpgradeCheck = 0610;
				ORGANIZATIONNAME = "Pascal Rauprecht";
				TargetAttributes = {
					501F553F1A8BFBCF0049A3AE = {
						CreatedOnToolsVersion = 6.1.1;
					};
				};
			};
			buildConfigurationList = 501F553B1A8BFBCF0049A3AE /* Build configuration list for PBXProject "TOPTW" */;
			compatibilityVersion = "Xcode 3.2";
			developmentRegion = English;
			hasScannedForEncodings = 0;
			knownRegions = (
				en,
			);
			mainGroup = 501F55371A8BFBCF0049A3AE;
			productRefGroup = 501F55411A8BFBCF0049A3AE /* Products */;
			projectDirPath = "";
			projectRoot = "";
			targets = (
				501F553F1A8BFBCF0049A3AE /* TOPTW */,
			);
		};
/* End PBXProject section */

/* Begin PBXSourcesBuildPhase section */
		501F553C1A8BFBCF0049A3AE /* Sources */ = {
			isa = PBXSourcesBuildPhase;
			buildActionMask = 2147483647;
			files = (
				501F55441A8BFBCF0049A3AE /* main.cpp in Sources */,
			);
			runOnlyForDeploymentPostprocessing = 0;
		};
/* End PBXSourcesBuildPhase section */

/* Begin XCBuildConfiguration section */
		501F55451A8BFBCF0049A3AE /* Debug */ = {
			isa = XCBuildConfiguration;
			buildSettings = {
				ALWAYS_SEARCH_USER_PATHS = NO;
				CLANG_CXX_LANGUAGE_STANDARD = "gnu++0x";
				CLANG_CXX_LIBRARY = "libc++";
				CLANG_ENABLE_MODULES = YES;
				CLANG_ENABLE_OBJC_ARC = YES;
				CLANG_WARN_BOOL_CONVERSION = YES;
				CLANG_WARN_CONSTANT_CONVERSION = YES;
				CLANG_WARN_DIRECT_OBJC_ISA_USAGE = YES_ERROR;
				CLANG_WARN_EMPTY_BODY = YES;
				CLANG_WARN_ENUM_CONVERSION = YES;
				CLANG_WARN_INT_CONVERSION = YES;
				CLANG_WARN_OBJC_ROOT_CLASS = YES_ERROR;
				CLANG_WARN_UNREACHABLE_CODE = YES;
				CLANG_WARN__DUPLICATE_METHOD_MATCH = YES;
				COPY_PHASE_STRIP = NO;
				ENABLE_STRICT_OBJC_MSGSEND = YES;
				GCC_C_LANGUAGE_STANDARD = gnu99;
				GCC_DYNAMIC_NO_PIC = NO;
				GCC_OPTIMIZATION_LEVEL = 0;
				GCC_PREPROCESSOR_DEFINITIONS = (
					"DEBUG=1",
					"$(inherited)",
				);
				GCC_SYMBOLS_PRIVATE_EXTERN = NO;
				GCC_WARN_64_TO_32_BIT_CONVERSION = YES;
				GCC_WARN_ABOUT_RETURN_TYPE = YES_ERROR;
				GCC_WARN_UNDECLARED_SELECTOR = YES;
				GCC_WARN_UNINITIALIZED_AUTOS = YES_AGGRESSIVE;
				GCC_WARN_UNUSED_FUNCTION = YES;
				GCC_WARN_UNUSED_VARIABLE = YES;
				MACOSX_DEPLOYMENT_TARGET = 10.10;
				MTL_ENABLE_DEBUG_INFO = YES;
				ONLY_ACTIVE_ARCH = YES;
				SDKROOT = macosx;
			};
			name = Debug;
		};
		501F55461A8BFBCF0049A3AE /* Release */ = {
			isa = XCBuildConfiguration;
			buildSettings = {
				ALWAYS_SEARCH_USER_PATHS = NO;
				CLANG_CXX_LANGUAGE_STANDARD = "gnu++0x";
				CLANG_CXX_LIBRARY = "libc++";
				CLANG_ENABLE_MODULES = YES;
				CLANG_ENABLE_OBJC_ARC = YES;
				CLANG_WARN_BOOL_CONVERSION = YES;
				CLANG_WARN_CONSTANT_CONVERSION = YES;
				CLANG_WARN_DIRECT_OBJC_ISA_USAGE = YES_ERROR;
				CLANG_WARN_EMPTY_BODY = YES;
				CLANG_WARN_ENUM_CONVERSION = YES;
				CLANG_WARN_INT_CONVERSION = YES;
				CLANG_WARN_OBJC_ROOT_CLASS = YES_ERROR;
				CLANG_WARN_UNREACHABLE_CODE = YES;
				CLANG_WARN__DUPLICATE_METHOD_MATCH = YES;
				COPY_PHASE_STRIP = YES;
				DEBUG_INFORMATION_FORMAT = "dwarf-with-dsym";
				ENABLE_NS_ASSERTIONS = NO;
				ENABLE_STRICT_OBJC_MSGSEND = YES;
				GCC_C_LANGUAGE_STANDARD = gnu99;
				GCC_WARN_64_TO_32_BIT_CONVERSION = YES;
				GCC_WARN_ABOUT_RETURN_TYPE = YES_ERROR;
				GCC_WARN_UNDECLARED_SELECTOR = YES;
				GCC_WARN_UNINITIALIZED_AUTOS = YES_AGGRESSIVE;
				GCC_WARN_UNUSED_FUNCTION = YES;
				GCC_WARN_UNUSED_VARIABLE = YES;
				MACOSX_DEPLOYMENT_TARGET = 10.10;
				MTL_ENABLE_DEBUG_INFO = NO;
				SDKROOT = macosx;
			};
			name = Release;
		};
		501F55481A8BFBCF0049A3AE /* Debug */ = {
			isa = XCBuildConfiguration;
			buildSettings = {
				FRAMEWORK_SEARCH_PATHS = (
					"$(inherited)",
					/Users/Pascal/BoostXCode/osx/framework,
				);
				PRODUCT_NAME = "$(TARGET_NAME)";
			};
			name = Debug;
		};
		501F55491A8BFBCF0049A3AE /* Release */ = {
			isa = XCBuildConfiguration;
			buildSettings = {
				FRAMEWORK_SEARCH_PATHS = (
					"$(inherited)",
					/Users/Pascal/BoostXCode/osx/framework,
				);
				PRODUCT_NAME = "$(TARGET_NAME)";
			};
			name = Release;
		};
/* End XCBuildConfiguration section */

/* Begin XCConfigurationList section */
		501F553B1A8BFBCF0049A3AE /* Build configuration list for PBXProject "TOPTW" */ = {
			isa = XCConfigurationList;
			buildConfigurations = (
				501F55451A8BFBCF0049A3AE /* Debug */,
				501F55461A8BFBCF0049A3AE /* Release */,
			);
			defaultConfigurationIsVisible = 0;
			defaultConfigurationName = Release;
		};
		501F55471A8BFBCF0049A3AE /* Build configuration list for PBXNativeTarget "TOPTW" */ = {
			isa = XCConfigurationList;
			buildConfigurations = (
				501F55481A8BFBCF0049A3AE /* Debug */,
				501F55491A8BFBCF0049A3AE /* Release */,
			);
			defaultConfigurationIsVisible = 0;
			defaultConfigurationName = Release;
		};
/* End XCConfigurationList section */
	};
	rootObject = 501F55381A8BFBCF0049A3AE /* Project object */;
}
